// !$*UTF8*$!
{
	archiveVersion = 1;
	classes = {
	};
	objectVersion = 46;
	objects = {

/* Begin PBXBuildFile section */
		B012F3641D4044C700A41C91 /* AppDelegate.swift in Sources */ = {isa = PBXBuildFile; fileRef = B012F3631D4044C700A41C91 /* AppDelegate.swift */; };
		B012F3661D4044C700A41C91 /* ViewController.swift in Sources */ = {isa = PBXBuildFile; fileRef = B012F3651D4044C700A41C91 /* ViewController.swift */; };
		B012F3691D4044C700A41C91 /* Main.storyboard in Resources */ = {isa = PBXBuildFile; fileRef = B012F3671D4044C700A41C91 /* Main.storyboard */; };
		B012F36B1D4044C700A41C91 /* Assets.xcassets in Resources */ = {isa = PBXBuildFile; fileRef = B012F36A1D4044C700A41C91 /* Assets.xcassets */; };
		B012F36E1D4044C700A41C91 /* LaunchScreen.storyboard in Resources */ = {isa = PBXBuildFile; fileRef = B012F36C1D4044C700A41C91 /* LaunchScreen.storyboard */; };
/* End PBXBuildFile section */

/* Begin PBXCopyFilesBuildPhase section */
		B012F37B1D40464100A41C91 /* Embed Frameworks */ = {
			isa = PBXCopyFilesBuildPhase;
			buildActionMask = 2147483647;
			dstPath = "";
			dstSubfolderSpec = 10;
			files = (
			);
			name = "Embed Frameworks";
			runOnlyForDeploymentPostprocessing = 0;
		};
/* End PBXCopyFilesBuildPhase section */

/* Begin PBXFileReference section */
		B012F3601D4044C700A41C91 /* WAnalyticsDemo.app */ = {isa = PBXFileReference; explicitFileType = wrapper.application; includeInIndex = 0; path = WAnalyticsDemo.app; sourceTree = BUILT_PRODUCTS_DIR; };
		B012F3631D4044C700A41C91 /* AppDelegate.swift */ = {isa = PBXFileReference; lastKnownFileType = sourcecode.swift; path = AppDelegate.swift; sourceTree = "<group>"; };
		B012F3651D4044C700A41C91 /* ViewController.swift */ = {isa = PBXFileReference; lastKnownFileType = sourcecode.swift; path = ViewController.swift; sourceTree = "<group>"; };
		B012F3681D4044C700A41C91 /* Base */ = {isa = PBXFileReference; lastKnownFileType = file.storyboard; name = Base; path = Base.lproj/Main.storyboard; sourceTree = "<group>"; };
		B012F36A1D4044C700A41C91 /* Assets.xcassets */ = {isa = PBXFileReference; lastKnownFileType = folder.assetcatalog; path = Assets.xcassets; sourceTree = "<group>"; };
		B012F36D1D4044C700A41C91 /* Base */ = {isa = PBXFileReference; lastKnownFileType = file.storyboard; name = Base; path = Base.lproj/LaunchScreen.storyboard; sourceTree = "<group>"; };
		B012F36F1D4044C700A41C91 /* Info.plist */ = {isa = PBXFileReference; lastKnownFileType = text.plist.xml; path = Info.plist; sourceTree = "<group>"; };
/* End PBXFileReference section */

/* Begin PBXFrameworksBuildPhase section */
		B012F35D1D4044C700A41C91 /* Frameworks */ = {
			isa = PBXFrameworksBuildPhase;
			buildActionMask = 2147483647;
			files = (
			);
			runOnlyForDeploymentPostprocessing = 0;
		};
/* End PBXFrameworksBuildPhase section */

/* Begin PBXGroup section */
		B012F3571D4044C700A41C91 = {
			isa = PBXGroup;
			children = (
				B012F3621D4044C700A41C91 /* WAnalyticsDemo */,
				B012F3611D4044C700A41C91 /* Products */,
			);
			sourceTree = "<group>";
		};
		B012F3611D4044C700A41C91 /* Products */ = {
			isa = PBXGroup;
			children = (
				B012F3601D4044C700A41C91 /* WAnalyticsDemo.app */,
			);
			name = Products;
			sourceTree = "<group>";
		};
		B012F3621D4044C700A41C91 /* WAnalyticsDemo */ = {
			isa = PBXGroup;
			children = (
				B012F3631D4044C700A41C91 /* AppDelegate.swift */,
				B012F3651D4044C700A41C91 /* ViewController.swift */,
				B012F3671D4044C700A41C91 /* Main.storyboard */,
				B012F36A1D4044C700A41C91 /* Assets.xcassets */,
				B012F36C1D4044C700A41C91 /* LaunchScreen.storyboard */,
				B012F36F1D4044C700A41C91 /* Info.plist */,
			);
			path = WAnalyticsDemo;
			sourceTree = "<group>";
		};
/* End PBXGroup section */

/* Begin PBXNativeTarget section */
		B012F35F1D4044C700A41C91 /* WAnalyticsDemo */ = {
			isa = PBXNativeTarget;
			buildConfigurationList = B012F3721D4044C700A41C91 /* Build configuration list for PBXNativeTarget "WAnalyticsDemo" */;
			buildPhases = (
				B012F35C1D4044C700A41C91 /* Sources */,
				B012F35D1D4044C700A41C91 /* Frameworks */,
				B012F35E1D4044C700A41C91 /* Resources */,
				B012F37B1D40464100A41C91 /* Embed Frameworks */,
			);
			buildRules = (
			);
			dependencies = (
			);
			name = WAnalyticsDemo;
			productName = WAnalyticsDemo;
			productReference = B012F3601D4044C700A41C91 /* WAnalyticsDemo.app */;
			productType = "com.apple.product-type.application";
		};
/* End PBXNativeTarget section */

/* Begin PBXProject section */
		B012F3581D4044C700A41C91 /* Project object */ = {
			isa = PBXProject;
			attributes = {
				LastSwiftUpdateCheck = 0730;
				LastUpgradeCheck = 0800;
				ORGANIZATIONNAME = Aramik;
				TargetAttributes = {
					B012F35F1D4044C700A41C91 = {
						CreatedOnToolsVersion = 7.3.1;
						LastSwiftMigration = 0800;
					};
				};
			};
			buildConfigurationList = B012F35B1D4044C700A41C91 /* Build configuration list for PBXProject "WAnalyticsDemo" */;
			compatibilityVersion = "Xcode 3.2";
			developmentRegion = English;
			hasScannedForEncodings = 0;
			knownRegions = (
				en,
				Base,
			);
			mainGroup = B012F3571D4044C700A41C91;
			productRefGroup = B012F3611D4044C700A41C91 /* Products */;
			projectDirPath = "";
			projectRoot = "";
			targets = (
				B012F35F1D4044C700A41C91 /* WAnalyticsDemo */,
			);
		};
/* End PBXProject section */

/* Begin PBXResourcesBuildPhase section */
		B012F35E1D4044C700A41C91 /* Resources */ = {
			isa = PBXResourcesBuildPhase;
			buildActionMask = 2147483647;
			files = (
				B012F36E1D4044C700A41C91 /* LaunchScreen.storyboard in Resources */,
				B012F36B1D4044C700A41C91 /* Assets.xcassets in Resources */,
				B012F3691D4044C700A41C91 /* Main.storyboard in Resources */,
			);
			runOnlyForDeploymentPostprocessing = 0;
		};
/* End PBXResourcesBuildPhase section */

/* Begin PBXSourcesBuildPhase section */
		B012F35C1D4044C700A41C91 /* Sources */ = {
			isa = PBXSourcesBuildPhase;
			buildActionMask = 2147483647;
			files = (
				B012F3661D4044C700A41C91 /* ViewController.swift in Sources */,
				B012F3641D4044C700A41C91 /* AppDelegate.swift in Sources */,
			);
			runOnlyForDeploymentPostprocessing = 0;
		};
/* End PBXSourcesBuildPhase section */

/* Begin PBXVariantGroup section */
		B012F3671D4044C700A41C91 /* Main.storyboard */ = {
			isa = PBXVariantGroup;
			children = (
				B012F3681D4044C700A41C91 /* Base */,
			);
			name = Main.storyboard;
			sourceTree = "<group>";
		};
		B012F36C1D4044C700A41C91 /* LaunchScreen.storyboard */ = {
			isa = PBXVariantGroup;
			children = (
				B012F36D1D4044C700A41C91 /* Base */,
			);
			name = LaunchScreen.storyboard;
			sourceTree = "<group>";
		};
/* End PBXVariantGroup section */

/* Begin XCBuildConfiguration section */
		B012F3701D4044C700A41C91 /* Debug */ = {
			isa = XCBuildConfiguration;
			buildSettings = {
				ALWAYS_SEARCH_USER_PATHS = NO;
				CLANG_ANALYZER_NONNULL = YES;
				CLANG_CXX_LANGUAGE_STANDARD = "gnu++0x";
				CLANG_CXX_LIBRARY = "libc++";
				CLANG_ENABLE_MODULES = YES;
				CLANG_ENABLE_OBJC_ARC = YES;
				CLANG_WARN_BOOL_CONVERSION = YES;
				CLANG_WARN_CONSTANT_CONVERSION = YES;
				CLANG_WARN_DIRECT_OBJC_ISA_USAGE = YES_ERROR;
				CLANG_WARN_EMPTY_BODY = YES;
				CLANG_WARN_ENUM_CONVERSION = YES;
				CLANG_WARN_INFINITE_RECURSION = YES;
				CLANG_WARN_INT_CONVERSION = YES;
				CLANG_WARN_OBJC_ROOT_CLASS = YES_ERROR;
				CLANG_WARN_SUSPICIOUS_MOVE = YES;
				CLANG_WARN_UNREACHABLE_CODE = YES;
				CLANG_WARN__DUPLICATE_METHOD_MATCH = YES;
				"CODE_SIGN_IDENTITY[sdk=iphoneos*]" = "iPhone Developer";
				COPY_PHASE_STRIP = NO;
				DEBUG_INFORMATION_FORMAT = dwarf;
				ENABLE_STRICT_OBJC_MSGSEND = YES;
				ENABLE_TESTABILITY = YES;
				GCC_C_LANGUAGE_STANDARD = gnu99;
				GCC_DYNAMIC_NO_PIC = NO;
				GCC_NO_COMMON_BLOCKS = YES;
				GCC_OPTIMIZATION_LEVEL = 0;
				GCC_PREPROCESSOR_DEFINITIONS = (
					"DEBUG=1",
					"$(inherited)",
				);
				GCC_WARN_64_TO_32_BIT_CONVERSION = YES;
				GCC_WARN_ABOUT_RETURN_TYPE = YES_ERROR;
				GCC_WARN_UNDECLARED_SELECTOR = YES;
				GCC_WARN_UNINITIALIZED_AUTOS = YES_AGGRESSIVE;
				GCC_WARN_UNUSED_FUNCTION = YES;
				GCC_WARN_UNUSED_VARIABLE = YES;
				IPHONEOS_DEPLOYMENT_TARGET = 9.3;
				MTL_ENABLE_DEBUG_INFO = YES;
				ONLY_ACTIVE_ARCH = YES;
				SDKROOT = iphoneos;
				SWIFT_OPTIMIZATION_LEVEL = "-Onone";
				TARGETED_DEVICE_FAMILY = "1,2";
			};
			name = Debug;
		};
		B012F3711D4044C700A41C91 /* Release */ = {
			isa = XCBuildConfiguration;
			buildSettings = {
				ALWAYS_SEARCH_USER_PATHS = NO;
				CLANG_ANALYZER_NONNULL = YES;
				CLANG_CXX_LANGUAGE_STANDARD = "gnu++0x";
				CLANG_CXX_LIBRARY = "libc++";
				CLANG_ENABLE_MODULES = YES;
				CLANG_ENABLE_OBJC_ARC = YES;
				CLANG_WARN_BOOL_CONVERSION = YES;
				CLANG_WARN_CONSTANT_CONVERSION = YES;
				CLANG_WARN_DIRECT_OBJC_ISA_USAGE = YES_ERROR;
				CLANG_WARN_EMPTY_BODY = YES;
				CLANG_WARN_ENUM_CONVERSION = YES;
				CLANG_WARN_INFINITE_RECURSION = YES;
				CLANG_WARN_INT_CONVERSION = YES;
				CLANG_WARN_OBJC_ROOT_CLASS = YES_ERROR;
				CLANG_WARN_SUSPICIOUS_MOVE = YES;
				CLANG_WARN_UNREACHABLE_CODE = YES;
				CLANG_WARN__DUPLICATE_METHOD_MATCH = YES;
				"CODE_SIGN_IDENTITY[sdk=iphoneos*]" = "iPhone Developer";
				COPY_PHASE_STRIP = NO;
				DEBUG_INFORMATION_FORMAT = "dwarf-with-dsym";
				ENABLE_NS_ASSERTIONS = NO;
				ENABLE_STRICT_OBJC_MSGSEND = YES;
				GCC_C_LANGUAGE_STANDARD = gnu99;
				GCC_NO_COMMON_BLOCKS = YES;
				GCC_WARN_64_TO_32_BIT_CONVERSION = YES;
				GCC_WARN_ABOUT_RETURN_TYPE = YES_ERROR;
				GCC_WARN_UNDECLARED_SELECTOR = YES;
				GCC_WARN_UNINITIALIZED_AUTOS = YES_AGGRESSIVE;
				GCC_WARN_UNUSED_FUNCTION = YES;
				GCC_WARN_UNUSED_VARIABLE = YES;
				IPHONEOS_DEPLOYMENT_TARGET = 9.3;
				MTL_ENABLE_DEBUG_INFO = NO;
				SDKROOT = iphoneos;
				SWIFT_OPTIMIZATION_LEVEL = "-Owholemodule";
				TARGETED_DEVICE_FAMILY = "1,2";
				VALIDATE_PRODUCT = YES;
			};
			name = Release;
		};
		B012F3731D4044C700A41C91 /* Debug */ = {
			isa = XCBuildConfiguration;
			buildSettings = {
				ASSETCATALOG_COMPILER_APPICON_NAME = AppIcon;
				INFOPLIST_FILE = WAnalyticsDemo/Info.plist;
				LD_RUNPATH_SEARCH_PATHS = "$(inherited) @executable_path/Frameworks";
				PRODUCT_BUNDLE_IDENTIFIER = whalerock.WAnalyticsDemo;
				PRODUCT_NAME = "$(TARGET_NAME)";
				SWIFT_VERSION = 3.0;
			};
			name = Debug;
		};
		B012F3741D4044C700A41C91 /* Release */ = {
			isa = XCBuildConfiguration;
			buildSettings = {
				ASSETCATALOG_COMPILER_APPICON_NAME = AppIcon;
				INFOPLIST_FILE = WAnalyticsDemo/Info.plist;
				LD_RUNPATH_SEARCH_PATHS = "$(inherited) @executable_path/Frameworks";
				PRODUCT_BUNDLE_IDENTIFIER = whalerock.WAnalyticsDemo;
				PRODUCT_NAME = "$(TARGET_NAME)";
				SWIFT_VERSION = 3.0;
			};
			name = Release;
		};
/* End XCBuildConfiguration section */

/* Begin XCConfigurationList section */
		B012F35B1D4044C700A41C91 /* Build configuration list for PBXProject "WAnalyticsDemo" */ = {
			isa = XCConfigurationList;
			buildConfigurations = (
				B012F3701D4044C700A41C91 /* Debug */,
				B012F3711D4044C700A41C91 /* Release */,
			);
			defaultConfigurationIsVisible = 0;
			defaultConfigurationName = Release;
		};
		B012F3721D4044C700A41C91 /* Build configuration list for PBXNativeTarget "WAnalyticsDemo" */ = {
			isa = XCConfigurationList;
			buildConfigurations = (
				B012F3731D4044C700A41C91 /* Debug */,
				B012F3741D4044C700A41C91 /* Release */,
			);
			defaultConfigurationIsVisible = 0;
			defaultConfigurationName = Release;
		};
/* End XCConfigurationList section */
	};
	rootObject = B012F3581D4044C700A41C91 /* Project object */;
}
